{
  "name": "xrm-csv-workflow",
  "version": "1.0.0",
  "lockfileVersion": 3,
  "requires": true,
  "packages": {
    "": {
      "name": "xrm-csv-workflow",
      "version": "1.0.0",
      "license": "ISC",
      "dependencies": {
        "@duckdb/node-api": "^1.3.1-alpha.23"
      }
    },
    "node_modules/@duckdb/node-api": {
      "version": "1.3.1-alpha.23",
      "resolved": "https://registry.npmjs.org/@duckdb/node-api/-/node-api-1.3.1-alpha.23.tgz",
      "integrity": "sha512-D2dug8GMCC/PNkrB37gik0Wm74J3/JFQxIrEk7c02nK74BmLrZsxTRG5cLc6fqJuqj+AZ31jjgWroUtAaHSN/A==",
      "dependencies": {
        "@duckdb/node-bindings": "1.3.1-alpha.23"
      }
    },
    "node_modules/@duckdb/node-bindings": {
      "version": "1.3.1-alpha.23",
      "resolved": "https://registry.npmjs.org/@duckdb/node-bindings/-/node-bindings-1.3.1-alpha.23.tgz",
      "integrity": "sha512-uVFuy0bfV/XHRtMKZMDjaONbZplGXBOep20DZqA8BbWwWBnc37XMZoXZcykLRXdMVvzUll13mwfL1InDa9k1gw==",
      "optionalDependencies": {
        "@duckdb/node-bindings-darwin-arm64": "1.3.1-alpha.23",
        "@duckdb/node-bindings-darwin-x64": "1.3.1-alpha.23",
        "@duckdb/node-bindings-linux-arm64": "1.3.1-alpha.23",
        "@duckdb/node-bindings-linux-x64": "1.3.1-alpha.23",
        "@duckdb/node-bindings-win32-x64": "1.3.1-alpha.23"
      }
    },
    "node_modules/@duckdb/node-bindings-darwin-arm64": {
      "version": "1.3.1-alpha.23",
      "resolved": "https://registry.npmjs.org/@duckdb/node-bindings-darwin-arm64/-/node-bindings-darwin-arm64-1.3.1-alpha.23.tgz",
      "integrity": "sha512-4UbDqkp+vOACjkOp6kQiTtrkzZw9CFb1GIEcDLZ+iySka0fz5sNNldJUNPuCbWm0Racu17OBzoSXQqF5Q0KUmQ==",
      "cpu": [
        "arm64"
      ],
      "optional": true,
      "os": [
        "darwin"
      ]
    },
    "node_modules/@duckdb/node-bindings-darwin-x64": {
      "version": "1.3.1-alpha.23",
      "resolved": "https://registry.npmjs.org/@duckdb/node-bindings-darwin-x64/-/node-bindings-darwin-x64-1.3.1-alpha.23.tgz",
      "integrity": "sha512-qdBsiFR5dPswAwDiCqE227cP18618uKX5E3U5qEk0bsb9C8f+I+k3aHl8nLjE0vXOCxBUeI6xr3U9KskjyixpA==",
      "cpu": [
        "x64"
      ],
      "optional": true,
      "os": [
        "darwin"
      ]
    },
    "node_modules/@duckdb/node-bindings-linux-arm64": {
      "version": "1.3.1-alpha.23",
      "resolved": "https://registry.npmjs.org/@duckdb/node-bindings-linux-arm64/-/node-bindings-linux-arm64-1.3.1-alpha.23.tgz",
      "integrity": "sha512-kqWaYd6AkpLkJbIPd4UqujQE2G/QCriLIgFkpUgWVqP3yyCL/Oq+5oRvRSdUsuFJQqHztj8L3ZOy76xd5q12Ww==",
      "cpu": [
        "arm64"
      ],
      "optional": true,
      "os": [
        "linux"
      ]
    },
    "node_modules/@duckdb/node-bindings-linux-x64": {
      "version": "1.3.1-alpha.23",
      "resolved": "https://registry.npmjs.org/@duckdb/node-bindings-linux-x64/-/node-bindings-linux-x64-1.3.1-alpha.23.tgz",
      "integrity": "sha512-lANN+JYoBTqyOF0dGPiXz8r9+GGs6mm5nwB08boWYpQCjdoG2gFpK6XvT56HO+t01wbKIngDNrdThjqdZW9+Aw==",
      "cpu": [
        "x64"
      ],
      "optional": true,
      "os": [
        "linux"
      ]
    },
    "node_modules/@duckdb/node-bindings-win32-x64": {
      "version": "1.3.1-alpha.23",
      "resolved": "https://registry.npmjs.org/@duckdb/node-bindings-win32-x64/-/node-bindings-win32-x64-1.3.1-alpha.23.tgz",
      "integrity": "sha512-bYBLYPAIs4KTSnTtqsRnjBH1Hgu9QVa3Yxio4TYktneRG7rHeX89nKcfszLLIkSUt6xhRNwYoeSh/HbXmx46fA==",
      "cpu": [
        "x64"
      ],
      "optional": true,
      "os": [
        "win32"
      ]
    }
  }
}
