{
  "name": "xrm-csv-workflow",
  "version": "1.0.0",
  "lockfileVersion": 3,
  "requires": true,
  "packages": {
    "": {
      "name": "xrm-csv-workflow",
      "version": "1.0.0",
      "license": "ISC",
      "dependencies": {
        "@duckdb/node-api": "1.5.0-r.1"
      }
    },
    "node_modules/@duckdb/node-api": {
      "version": "1.5.0-r.1",
      "resolved": "https://registry.npmjs.org/@duckdb/node-api/-/node-api-1.5.0-r.1.tgz",
      "integrity": "sha512-VjvjqlCyqUJ22bydG/+9Jj5l0CEvx9QUn1SATBkKFY0+x6n4uHzt0kp/FKwXK9LNduXX6KCKtdF+6v5BcHScfA==",
      "license": "MIT",
      "dependencies": {
        "@duckdb/node-bindings": "1.5.0-r.1"
      }
    },
    "node_modules/@duckdb/node-bindings": {
      "version": "1.5.0-r.1",
      "resolved": "https://registry.npmjs.org/@duckdb/node-bindings/-/node-bindings-1.5.0-r.1.tgz",
      "integrity": "sha512-ViyoHROp0HhQ0ATT8z6h7SV6vEOxNjN8mJcdkst+3rJIU3Rd/gKs8exJO23LxFsjBuAiDpndpEwFihTAdfwJZg==",
      "license": "MIT",
      "optionalDependencies": {
        "@duckdb/node-bindings-darwin-arm64": "1.5.0-r.1",
        "@duckdb/node-bindings-darwin-x64": "1.5.0-r.1",
        "@duckdb/node-bindings-linux-arm64": "1.5.0-r.1",
        "@duckdb/node-bindings-linux-x64": "1.5.0-r.1",
        "@duckdb/node-bindings-win32-arm64": "1.5.0-r.1",
        "@duckdb/node-bindings-win32-x64": "1.5.0-r.1"
      }
    },
    "node_modules/@duckdb/node-bindings-darwin-arm64": {
      "version": "1.5.0-r.1",
      "resolved": "https://registry.npmjs.org/@duckdb/node-bindings-darwin-arm64/-/node-bindings-darwin-arm64-1.5.0-r.1.tgz",
      "integrity": "sha512-s7CB9Y10f3dg2W4jdp6zipogxamq1pPQVt/r+YigZrHqk7HvytUeRH1VOI/3wuGTTlR8mAnIXj2MJIrmMujX4w==",
      "cpu": [
        "arm64"
      ],
      "license": "MIT",
      "optional": true,
      "os": [
        "darwin"
      ]
    },
    "node_modules/@duckdb/node-bindings-darwin-x64": {
      "version": "1.5.0-r.1",
      "resolved": "https://registry.npmjs.org/@duckdb/node-bindings-darwin-x64/-/node-bindings-darwin-x64-1.5.0-r.1.tgz",
      "integrity": "sha512-2KxnGvg9o/Y915hwr1Mpb6Cbfrvt/w+/Fv0RZ2VXeQuxqNCMOoJd/7yQ8ffWXJRuOFU/vRmsR88koIjW+yJibA==",
      "cpu": [
        "x64"
      ],
      "license": "MIT",
      "optional": true,
      "os": [
        "darwin"
      ]
    },
    "node_modules/@duckdb/node-bindings-linux-arm64": {
      "version": "1.5.0-r.1",
      "resolved": "https://registry.npmjs.org/@duckdb/node-bindings-linux-arm64/-/node-bindings-linux-arm64-1.5.0-r.1.tgz",
      "integrity": "sha512-FpmcfJqhKoInjEa1o5dsWPQAFWYgu1eZgJP94nz6d+cKfdXEZKT6vGIwokZRzDqKLG1ZAOBZO2IhxzmW8IbbfA==",
      "cpu": [
        "arm64"
      ],
      "license": "MIT",
      "optional": true,
      "os": [
        "linux"
      ]
    },
    "node_modules/@duckdb/node-bindings-linux-x64": {
      "version": "1.5.0-r.1",
      "resolved": "https://registry.npmjs.org/@duckdb/node-bindings-linux-x64/-/node-bindings-linux-x64-1.5.0-r.1.tgz",
      "integrity": "sha512-A4Zgsaq6szEKiMyF1eWkoaHw0OMA0a8Zl8Ev0GcZSRjI4iGHgBQ1f/Zi/w3QKyz7OtjIiZ+pQ1XYyG4QoF6OKA==",
      "cpu": [
        "x64"
      ],
      "license": "MIT",
      "optional": true,
      "os": [
        "linux"
      ]
    },
    "node_modules/@duckdb/node-bindings-win32-arm64": {
      "version": "1.5.0-r.1",
      "resolved": "https://registry.npmjs.org/@duckdb/node-bindings-win32-arm64/-/node-bindings-win32-arm64-1.5.0-r.1.tgz",
      "integrity": "sha512-ctCJ2HWpyiN3FNiCQ40RWALZLwKtJ8Aq4Anen2ush1I0a2E52T//jitLzl7DcX0quzew5eci1MQ+H5T1nVhzFA==",
      "cpu": [
        "arm64"
      ],
      "license": "MIT",
      "optional": true,
      "os": [
        "win32"
      ]
    },
    "node_modules/@duckdb/node-bindings-win32-x64": {
      "version": "1.5.0-r.1",
      "resolved": "https://registry.npmjs.org/@duckdb/node-bindings-win32-x64/-/node-bindings-win32-x64-1.5.0-r.1.tgz",
      "integrity": "sha512-725LoefejBlyG/bUcMfqVJkZ8KnZRLa0xOkszw9Q+V5G26iagJY3dgtGJAvwTeVJvXigSEVc5yD9Cj6kWR67vA==",
      "cpu": [
        "x64"
      ],
      "license": "MIT",
      "optional": true,
      "os": [
        "win32"
      ]
    }
  }
}
